// !$*UTF8*$!
{
	archiveVersion = 1;
	classes = {
	};
	objectVersion = 46;
	objects = {

/* Begin PBXBuildFile section */
		BC9B9C041C294FB100ACAA06 /* main.m in Sources */ = {isa = PBXBuildFile; fileRef = BC9B9C031C294FB100ACAA06 /* main.m */; };
		BC9B9C071C294FB100ACAA06 /* AppDelegate.m in Sources */ = {isa = PBXBuildFile; fileRef = BC9B9C061C294FB100ACAA06 /* AppDelegate.m */; };
		BC9B9C0A1C294FB100ACAA06 /* AESModel.xcdatamodeld in Sources */ = {isa = PBXBuildFile; fileRef = BC9B9C081C294FB100ACAA06 /* AESModel.xcdatamodeld */; };
		BC9B9C0D1C294FB100ACAA06 /* ViewController.m in Sources */ = {isa = PBXBuildFile; fileRef = BC9B9C0C1C294FB100ACAA06 /* ViewController.m */; };
		BC9B9C101C294FB100ACAA06 /* Main.storyboard in Resources */ = {isa = PBXBuildFile; fileRef = BC9B9C0E1C294FB100ACAA06 /* Main.storyboard */; };
		BC9B9C121C294FB100ACAA06 /* Images.xcassets in Resources */ = {isa = PBXBuildFile; fileRef = BC9B9C111C294FB100ACAA06 /* Images.xcassets */; };
		BC9B9C151C294FB100ACAA06 /* LaunchScreen.xib in Resources */ = {isa = PBXBuildFile; fileRef = BC9B9C131C294FB100ACAA06 /* LaunchScreen.xib */; };
		BC9B9C211C294FB100ACAA06 /* AESModelTests.m in Sources */ = {isa = PBXBuildFile; fileRef = BC9B9C201C294FB100ACAA06 /* AESModelTests.m */; };
		BC9B9C2D1C2950A300ACAA06 /* NSData+AES.m in Sources */ = {isa = PBXBuildFile; fileRef = BC9B9C2C1C2950A300ACAA06 /* NSData+AES.m */; };
/* End PBXBuildFile section */

/* Begin PBXContainerItemProxy section */
		BC9B9C1B1C294FB100ACAA06 /* PBXContainerItemProxy */ = {
			isa = PBXContainerItemProxy;
			containerPortal = BC9B9BF61C294FB100ACAA06 /* Project object */;
			proxyType = 1;
			remoteGlobalIDString = BC9B9BFD1C294FB100ACAA06;
			remoteInfo = AESModel;
		};
/* End PBXContainerItemProxy section */

/* Begin PBXFileReference section */
		BC9B9BFE1C294FB100ACAA06 /* AESModel.app */ = {isa = PBXFileReference; explicitFileType = wrapper.application; includeInIndex = 0; path = AESModel.app; sourceTree = BUILT_PRODUCTS_DIR; };
		BC9B9C021C294FB100ACAA06 /* Info.plist */ = {isa = PBXFileReference; lastKnownFileType = text.plist.xml; path = Info.plist; sourceTree = "<group>"; };
		BC9B9C031C294FB100ACAA06 /* main.m */ = {isa = PBXFileReference; lastKnownFileType = sourcecode.c.objc; path = main.m; sourceTree = "<group>"; };
		BC9B9C051C294FB100ACAA06 /* AppDelegate.h */ = {isa = PBXFileReference; lastKnownFileType = sourcecode.c.h; path = AppDelegate.h; sourceTree = "<group>"; };
		BC9B9C061C294FB100ACAA06 /* AppDelegate.m */ = {isa = PBXFileReference; lastKnownFileType = sourcecode.c.objc; path = AppDelegate.m; sourceTree = "<group>"; };
		BC9B9C091C294FB100ACAA06 /* AESModel.xcdatamodel */ = {isa = PBXFileReference; lastKnownFileType = wrapper.xcdatamodel; path = AESModel.xcdatamodel; sourceTree = "<group>"; };
		BC9B9C0B1C294FB100ACAA06 /* ViewController.h */ = {isa = PBXFileReference; lastKnownFileType = sourcecode.c.h; path = ViewController.h; sourceTree = "<group>"; };
		BC9B9C0C1C294FB100ACAA06 /* ViewController.m */ = {isa = PBXFileReference; lastKnownFileType = sourcecode.c.objc; path = ViewController.m; sourceTree = "<group>"; };
		BC9B9C0F1C294FB100ACAA06 /* Base */ = {isa = PBXFileReference; lastKnownFileType = file.storyboard; name = Base; path = Base.lproj/Main.storyboard; sourceTree = "<group>"; };
		BC9B9C111C294FB100ACAA06 /* Images.xcassets */ = {isa = PBXFileReference; lastKnownFileType = folder.assetcatalog; path = Images.xcassets; sourceTree = "<group>"; };
		BC9B9C141C294FB100ACAA06 /* Base */ = {isa = PBXFileReference; lastKnownFileType = file.xib; name = Base; path = Base.lproj/LaunchScreen.xib; sourceTree = "<group>"; };
		BC9B9C1A1C294FB100ACAA06 /* AESModelTests.xctest */ = {isa = PBXFileReference; explicitFileType = wrapper.cfbundle; includeInIndex = 0; path = AESModelTests.xctest; sourceTree = BUILT_PRODUCTS_DIR; };
		BC9B9C1F1C294FB100ACAA06 /* Info.plist */ = {isa = PBXFileReference; lastKnownFileType = text.plist.xml; path = Info.plist; sourceTree = "<group>"; };
		BC9B9C201C294FB100ACAA06 /* AESModelTests.m */ = {isa = PBXFileReference; lastKnownFileType = sourcecode.c.objc; path = AESModelTests.m; sourceTree = "<group>"; };
		BC9B9C2B1C2950A300ACAA06 /* NSData+AES.h */ = {isa = PBXFileReference; fileEncoding = 4; lastKnownFileType = sourcecode.c.h; path = "NSData+AES.h"; sourceTree = "<group>"; };
		BC9B9C2C1C2950A300ACAA06 /* NSData+AES.m */ = {isa = PBXFileReference; fileEncoding = 4; lastKnownFileType = sourcecode.c.objc; path = "NSData+AES.m"; sourceTree = "<group>"; };
/* End PBXFileReference section */

/* Begin PBXFrameworksBuildPhase section */
		BC9B9BFB1C294FB100ACAA06 /* Frameworks */ = {
			isa = PBXFrameworksBuildPhase;
			buildActionMask = 2147483647;
			files = (
			);
			runOnlyForDeploymentPostprocessing = 0;
		};
		BC9B9C171C294FB100ACAA06 /* Frameworks */ = {
			isa = PBXFrameworksBuildPhase;
			buildActionMask = 2147483647;
			files = (
			);
			runOnlyForDeploymentPostprocessing = 0;
		};
/* End PBXFrameworksBuildPhase section */

/* Begin PBXGroup section */
		BC9B9BF51C294FB100ACAA06 = {
			isa = PBXGroup;
			children = (
				BC9B9C001C294FB100ACAA06 /* AESModel */,
				BC9B9C1D1C294FB100ACAA06 /* AESModelTests */,
				BC9B9BFF1C294FB100ACAA06 /* Products */,
			);
			sourceTree = "<group>";
		};
		BC9B9BFF1C294FB100ACAA06 /* Products */ = {
			isa = PBXGroup;
			children = (
				BC9B9BFE1C294FB100ACAA06 /* AESModel.app */,
				BC9B9C1A1C294FB100ACAA06 /* AESModelTests.xctest */,
			);
			name = Products;
			sourceTree = "<group>";
		};
		BC9B9C001C294FB100ACAA06 /* AESModel */ = {
			isa = PBXGroup;
			children = (
				BC9B9C2A1C294FC400ACAA06 /* AES */,
				BC9B9C051C294FB100ACAA06 /* AppDelegate.h */,
				BC9B9C061C294FB100ACAA06 /* AppDelegate.m */,
				BC9B9C0B1C294FB100ACAA06 /* ViewController.h */,
				BC9B9C0C1C294FB100ACAA06 /* ViewController.m */,
				BC9B9C0E1C294FB100ACAA06 /* Main.storyboard */,
				BC9B9C111C294FB100ACAA06 /* Images.xcassets */,
				BC9B9C131C294FB100ACAA06 /* LaunchScreen.xib */,
				BC9B9C081C294FB100ACAA06 /* AESModel.xcdatamodeld */,
				BC9B9C011C294FB100ACAA06 /* Supporting Files */,
			);
			path = AESModel;
			sourceTree = "<group>";
		};
		BC9B9C011C294FB100ACAA06 /* Supporting Files */ = {
			isa = PBXGroup;
			children = (
				BC9B9C021C294FB100ACAA06 /* Info.plist */,
				BC9B9C031C294FB100ACAA06 /* main.m */,
			);
			name = "Supporting Files";
			sourceTree = "<group>";
		};
		BC9B9C1D1C294FB100ACAA06 /* AESModelTests */ = {
			isa = PBXGroup;
			children = (
				BC9B9C201C294FB100ACAA06 /* AESModelTests.m */,
				BC9B9C1E1C294FB100ACAA06 /* Supporting Files */,
			);
			path = AESModelTests;
			sourceTree = "<group>";
		};
		BC9B9C1E1C294FB100ACAA06 /* Supporting Files */ = {
			isa = PBXGroup;
			children = (
				BC9B9C1F1C294FB100ACAA06 /* Info.plist */,
			);
			name = "Supporting Files";
			sourceTree = "<group>";
		};
		BC9B9C2A1C294FC400ACAA06 /* AES */ = {
			isa = PBXGroup;
			children = (
				BC9B9C2B1C2950A300ACAA06 /* NSData+AES.h */,
				BC9B9C2C1C2950A300ACAA06 /* NSData+AES.m */,
			);
			name = AES;
			sourceTree = "<group>";
		};
/* End PBXGroup section */

/* Begin PBXNativeTarget section */
		BC9B9BFD1C294FB100ACAA06 /* AESModel */ = {
			isa = PBXNativeTarget;
			buildConfigurationList = BC9B9C241C294FB100ACAA06 /* Build configuration list for PBXNativeTarget "AESModel" */;
			buildPhases = (
				BC9B9BFA1C294FB100ACAA06 /* Sources */,
				BC9B9BFB1C294FB100ACAA06 /* Frameworks */,
				BC9B9BFC1C294FB100ACAA06 /* Resources */,
			);
			buildRules = (
			);
			dependencies = (
			);
			name = AESModel;
			productName = AESModel;
			productReference = BC9B9BFE1C294FB100ACAA06 /* AESModel.app */;
			productType = "com.apple.product-type.application";
		};
		BC9B9C191C294FB100ACAA06 /* AESModelTests */ = {
			isa = PBXNativeTarget;
			buildConfigurationList = BC9B9C271C294FB100ACAA06 /* Build configuration list for PBXNativeTarget "AESModelTests" */;
			buildPhases = (
				BC9B9C161C294FB100ACAA06 /* Sources */,
				BC9B9C171C294FB100ACAA06 /* Frameworks */,
				BC9B9C181C294FB100ACAA06 /* Resources */,
			);
			buildRules = (
			);
			dependencies = (
				BC9B9C1C1C294FB100ACAA06 /* PBXTargetDependency */,
			);
			name = AESModelTests;
			productName = AESModelTests;
			productReference = BC9B9C1A1C294FB100ACAA06 /* AESModelTests.xctest */;
			productType = "com.apple.product-type.bundle.unit-test";
		};
/* End PBXNativeTarget section */

/* Begin PBXProject section */
		BC9B9BF61C294FB100ACAA06 /* Project object */ = {
			isa = PBXProject;
			attributes = {
				LastUpgradeCheck = 0630;
				ORGANIZATIONNAME = 1111111111;
				TargetAttributes = {
					BC9B9BFD1C294FB100ACAA06 = {
						CreatedOnToolsVersion = 6.3;
					};
					BC9B9C191C294FB100ACAA06 = {
						CreatedOnToolsVersion = 6.3;
						TestTargetID = BC9B9BFD1C294FB100ACAA06;
					};
				};
			};
			buildConfigurationList = BC9B9BF91C294FB100ACAA06 /* Build configuration list for PBXProject "AESModel" */;
			compatibilityVersion = "Xcode 3.2";
			developmentRegion = English;
			hasScannedForEncodings = 0;
			knownRegions = (
				en,
				Base,
			);
			mainGroup = BC9B9BF51C294FB100ACAA06;
			productRefGroup = BC9B9BFF1C294FB100ACAA06 /* Products */;
			projectDirPath = "";
			projectRoot = "";
			targets = (
				BC9B9BFD1C294FB100ACAA06 /* AESModel */,
				BC9B9C191C294FB100ACAA06 /* AESModelTests */,
			);
		};
/* End PBXProject section */

/* Begin PBXResourcesBuildPhase section */
		BC9B9BFC1C294FB100ACAA06 /* Resources */ = {
			isa = PBXResourcesBuildPhase;
			buildActionMask = 2147483647;
			files = (
				BC9B9C101C294FB100ACAA06 /* Main.storyboard in Resources */,
				BC9B9C151C294FB100ACAA06 /* LaunchScreen.xib in Resources */,
				BC9B9C121C294FB100ACAA06 /* Images.xcassets in Resources */,
			);
			runOnlyForDeploymentPostprocessing = 0;
		};
		BC9B9C181C294FB100ACAA06 /* Resources */ = {
			isa = PBXResourcesBuildPhase;
			buildActionMask = 2147483647;
			files = (
			);
			runOnlyForDeploymentPostprocessing = 0;
		};
/* End PBXResourcesBuildPhase section */

/* Begin PBXSourcesBuildPhase section */
		BC9B9BFA1C294FB100ACAA06 /* Sources */ = {
			isa = PBXSourcesBuildPhase;
			buildActionMask = 2147483647;
			files = (
				BC9B9C2D1C2950A300ACAA06 /* NSData+AES.m in Sources */,
				BC9B9C071C294FB100ACAA06 /* AppDelegate.m in Sources */,
				BC9B9C0A1C294FB100ACAA06 /* AESModel.xcdatamodeld in Sources */,
				BC9B9C0D1C294FB100ACAA06 /* ViewController.m in Sources */,
				BC9B9C041C294FB100ACAA06 /* main.m in Sources */,
			);
			runOnlyForDeploymentPostprocessing = 0;
		};
		BC9B9C161C294FB100ACAA06 /* Sources */ = {
			isa = PBXSourcesBuildPhase;
			buildActionMask = 2147483647;
			files = (
				BC9B9C211C294FB100ACAA06 /* AESModelTests.m in Sources */,
			);
			runOnlyForDeploymentPostprocessing = 0;
		};
/* End PBXSourcesBuildPhase section */

/* Begin PBXTargetDependency section */
		BC9B9C1C1C294FB100ACAA06 /* PBXTargetDependency */ = {
			isa = PBXTargetDependency;
			target = BC9B9BFD1C294FB100ACAA06 /* AESModel */;
			targetProxy = BC9B9C1B1C294FB100ACAA06 /* PBXContainerItemProxy */;
		};
/* End PBXTargetDependency section */

/* Begin PBXVariantGroup section */
		BC9B9C0E1C294FB100ACAA06 /* Main.storyboard */ = {
			isa = PBXVariantGroup;
			children = (
				BC9B9C0F1C294FB100ACAA06 /* Base */,
			);
			name = Main.storyboard;
			sourceTree = "<group>";
		};
		BC9B9C131C294FB100ACAA06 /* LaunchScreen.xib */ = {
			isa = PBXVariantGroup;
			children = (
				BC9B9C141C294FB100ACAA06 /* Base */,
			);
			name = LaunchScreen.xib;
			sourceTree = "<group>";
		};
/* End PBXVariantGroup section */

/* Begin XCBuildConfiguration section */
		BC9B9C221C294FB100ACAA06 /* Debug */ = {
			isa = XCBuildConfiguration;
			buildSettings = {
				ALWAYS_SEARCH_USER_PATHS = NO;
				CLANG_CXX_LANGUAGE_STANDARD = "gnu++0x";
				CLANG_CXX_LIBRARY = "libc++";
				CLANG_ENABLE_MODULES = YES;
				CLANG_ENABLE_OBJC_ARC = YES;
				CLANG_WARN_BOOL_CONVERSION = YES;
				CLANG_WARN_CONSTANT_CONVERSION = YES;
				CLANG_WARN_DIRECT_OBJC_ISA_USAGE = YES_ERROR;
				CLANG_WARN_EMPTY_BODY = YES;
				CLANG_WARN_ENUM_CONVERSION = YES;
				CLANG_WARN_INT_CONVERSION = YES;
				CLANG_WARN_OBJC_ROOT_CLASS = YES_ERROR;
				CLANG_WARN_UNREACHABLE_CODE = YES;
				CLANG_WARN__DUPLICATE_METHOD_MATCH = YES;
				"CODE_SIGN_IDENTITY[sdk=iphoneos*]" = "iPhone Developer";
				COPY_PHASE_STRIP = NO;
				DEBUG_INFORMATION_FORMAT = "dwarf-with-dsym";
				ENABLE_STRICT_OBJC_MSGSEND = YES;
				GCC_C_LANGUAGE_STANDARD = gnu99;
				GCC_DYNAMIC_NO_PIC = NO;
				GCC_NO_COMMON_BLOCKS = YES;
				GCC_OPTIMIZATION_LEVEL = 0;
				GCC_PREPROCESSOR_DEFINITIONS = (
					"DEBUG=1",
					"$(inherited)",
				);
				GCC_SYMBOLS_PRIVATE_EXTERN = NO;
				GCC_WARN_64_TO_32_BIT_CONVERSION = YES;
				GCC_WARN_ABOUT_RETURN_TYPE = YES_ERROR;
				GCC_WARN_UNDECLARED_SELECTOR = YES;
				GCC_WARN_UNINITIALIZED_AUTOS = YES_AGGRESSIVE;
				GCC_WARN_UNUSED_FUNCTION = YES;
				GCC_WARN_UNUSED_VARIABLE = YES;
				IPHONEOS_DEPLOYMENT_TARGET = 8.3;
				MTL_ENABLE_DEBUG_INFO = YES;
				ONLY_ACTIVE_ARCH = YES;
				SDKROOT = iphoneos;
				TARGETED_DEVICE_FAMILY = "1,2";
			};
			name = Debug;
		};
		BC9B9C231C294FB100ACAA06 /* Release */ = {
			isa = XCBuildConfiguration;
			buildSettings = {
				ALWAYS_SEARCH_USER_PATHS = NO;
				CLANG_CXX_LANGUAGE_STANDARD = "gnu++0x";
				CLANG_CXX_LIBRARY = "libc++";
				CLANG_ENABLE_MODULES = YES;
				CLANG_ENABLE_OBJC_ARC = YES;
				CLANG_WARN_BOOL_CONVERSION = YES;
				CLANG_WARN_CONSTANT_CONVERSION = YES;
				CLANG_WARN_DIRECT_OBJC_ISA_USAGE = YES_ERROR;
				CLANG_WARN_EMPTY_BODY = YES;
				CLANG_WARN_ENUM_CONVERSION = YES;
				CLANG_WARN_INT_CONVERSION = YES;
				CLANG_WARN_OBJC_ROOT_CLASS = YES_ERROR;
				CLANG_WARN_UNREACHABLE_CODE = YES;
				CLANG_WARN__DUPLICATE_METHOD_MATCH = YES;
				"CODE_SIGN_IDENTITY[sdk=iphoneos*]" = "iPhone Developer";
				COPY_PHASE_STRIP = NO;
				DEBUG_INFORMATION_FORMAT = "dwarf-with-dsym";
				ENABLE_NS_ASSERTIONS = NO;
				ENABLE_STRICT_OBJC_MSGSEND = YES;
				GCC_C_LANGUAGE_STANDARD = gnu99;
				GCC_NO_COMMON_BLOCKS = YES;
				GCC_WARN_64_TO_32_BIT_CONVERSION = YES;
				GCC_WARN_ABOUT_RETURN_TYPE = YES_ERROR;
				GCC_WARN_UNDECLARED_SELECTOR = YES;
				GCC_WARN_UNINITIALIZED_AUTOS = YES_AGGRESSIVE;
				GCC_WARN_UNUSED_FUNCTION = YES;
				GCC_WARN_UNUSED_VARIABLE = YES;
				IPHONEOS_DEPLOYMENT_TARGET = 8.3;
				MTL_ENABLE_DEBUG_INFO = NO;
				SDKROOT = iphoneos;
				TARGETED_DEVICE_FAMILY = "1,2";
				VALIDATE_PRODUCT = YES;
			};
			name = Release;
		};
		BC9B9C251C294FB100ACAA06 /* Debug */ = {
			isa = XCBuildConfiguration;
			buildSettings = {
				ASSETCATALOG_COMPILER_APPICON_NAME = AppIcon;
				INFOPLIST_FILE = AESModel/Info.plist;
				LD_RUNPATH_SEARCH_PATHS = "$(inherited) @executable_path/Frameworks";
				PRODUCT_NAME = "$(TARGET_NAME)";
			};
			name = Debug;
		};
		BC9B9C261C294FB100ACAA06 /* Release */ = {
			isa = XCBuildConfiguration;
			buildSettings = {
				ASSETCATALOG_COMPILER_APPICON_NAME = AppIcon;
				INFOPLIST_FILE = AESModel/Info.plist;
				LD_RUNPATH_SEARCH_PATHS = "$(inherited) @executable_path/Frameworks";
				PRODUCT_NAME = "$(TARGET_NAME)";
			};
			name = Release;
		};
		BC9B9C281C294FB100ACAA06 /* Debug */ = {
			isa = XCBuildConfiguration;
			buildSettings = {
				BUNDLE_LOADER = "$(TEST_HOST)";
				FRAMEWORK_SEARCH_PATHS = (
					"$(SDKROOT)/Developer/Library/Frameworks",
					"$(inherited)",
				);
				GCC_PREPROCESSOR_DEFINITIONS = (
					"DEBUG=1",
					"$(inherited)",
				);
				INFOPLIST_FILE = AESModelTests/Info.plist;
				LD_RUNPATH_SEARCH_PATHS = "$(inherited) @executable_path/Frameworks @loader_path/Frameworks";
				PRODUCT_NAME = "$(TARGET_NAME)";
				TEST_HOST = "$(BUILT_PRODUCTS_DIR)/AESModel.app/AESModel";
			};
			name = Debug;
		};
		BC9B9C291C294FB100ACAA06 /* Release */ = {
			isa = XCBuildConfiguration;
			buildSettings = {
				BUNDLE_LOADER = "$(TEST_HOST)";
				FRAMEWORK_SEARCH_PATHS = (
					"$(SDKROOT)/Developer/Library/Frameworks",
					"$(inherited)",
				);
				INFOPLIST_FILE = AESModelTests/Info.plist;
				LD_RUNPATH_SEARCH_PATHS = "$(inherited) @executable_path/Frameworks @loader_path/Frameworks";
				PRODUCT_NAME = "$(TARGET_NAME)";
				TEST_HOST = "$(BUILT_PRODUCTS_DIR)/AESModel.app/AESModel";
			};
			name = Release;
		};
/* End XCBuildConfiguration section */

/* Begin XCConfigurationList section */
		BC9B9BF91C294FB100ACAA06 /* Build configuration list for PBXProject "AESModel" */ = {
			isa = XCConfigurationList;
			buildConfigurations = (
				BC9B9C221C294FB100ACAA06 /* Debug */,
				BC9B9C231C294FB100ACAA06 /* Release */,
			);
			defaultConfigurationIsVisible = 0;
			defaultConfigurationName = Release;
		};
		BC9B9C241C294FB100ACAA06 /* Build configuration list for PBXNativeTarget "AESModel" */ = {
			isa = XCConfigurationList;
			buildConfigurations = (
				BC9B9C251C294FB100ACAA06 /* Debug */,
				BC9B9C261C294FB100ACAA06 /* Release */,
			);
			defaultConfigurationIsVisible = 0;
		};
		BC9B9C271C294FB100ACAA06 /* Build configuration list for PBXNativeTarget "AESModelTests" */ = {
			isa = XCConfigurationList;
			buildConfigurations = (
				BC9B9C281C294FB100ACAA06 /* Debug */,
				BC9B9C291C294FB100ACAA06 /* Release */,
			);
			defaultConfigurationIsVisible = 0;
		};
/* End XCConfigurationList section */

/* Begin XCVersionGroup section */
		BC9B9C081C294FB100ACAA06 /* AESModel.xcdatamodeld */ = {
			isa = XCVersionGroup;
			children = (
				BC9B9C091C294FB100ACAA06 /* AESModel.xcdatamodel */,
			);
			currentVersion = BC9B9C091C294FB100ACAA06 /* AESModel.xcdatamodel */;
			path = AESModel.xcdatamodeld;
			sourceTree = "<group>";
			versionGroupType = wrapper.xcdatamodel;
		};
/* End XCVersionGroup section */
	};
	rootObject = BC9B9BF61C294FB100ACAA06 /* Project object */;
}
